Microsoft Visual Studio Solution File, Format Version 12.00
# Visual Studio Version 17
VisualStudioVersion = 17.13.35931.197
MinimumVisualStudioVersion = 10.0.40219.1
Project("{FAE04EC0-301F-11D3-BF4B-00C04F79EFBC}") = "MessagingService.Database", "Apps\DistrProc\MessagingService.Database\MessagingService.Database.csproj", "{5F10BB13-E390-AB8D-CF31-3C53CA438190}"
EndProject
Global
	GlobalSection(SolutionConfigurationPlatforms) = preSolution
		Debug|Any CPU = Debug|Any CPU
		Release|Any CPU = Release|Any CPU
	EndGlobalSection
	GlobalSection(ProjectConfigurationPlatforms) = postSolution
		{5F10BB13-E390-AB8D-CF31-3C53CA438190}.Debug|Any CPU.ActiveCfg = Debug|Any CPU
		{5F10BB13-E390-AB8D-CF31-3C53CA438190}.Debug|Any CPU.Build.0 = Debug|Any CPU
		{5F10BB13-E390-AB8D-CF31-3C53CA438190}.Release|Any CPU.ActiveCfg = Release|Any CPU
		{5F10BB13-E390-AB8D-CF31-3C53CA438190}.Release|Any CPU.Build.0 = Release|Any CPU
	EndGlobalSection
	GlobalSection(SolutionProperties) = preSolution
		HideSolutionNode = FALSE
	EndGlobalSection
	GlobalSection(ExtensibilityGlobals) = postSolution
		SolutionGuid = {B48435D0-2183-42E5-AD33-65013BAFE404}
	EndGlobalSection
EndGlobal
