
Microsoft Visual Studio Solution File, Format Version 12.00
# Visual Studio Version 16
VisualStudioVersion = 16.0.30509.190
MinimumVisualStudioVersion = 10.0.40219.1
Project("{2150E333-8FDC-42A3-9474-1A3956D46DE8}") = "Samples", "Samples", "{542467DC-07AD-4B8E-93D4-D8E674874C89}"
EndProject
Project("{6EC3EE1D-3C4E-46DD-8F32-0CC8E7565705}") = "Sys", "Sys\Sys.fsproj", "{3D56FB4D-DD97-4542-A8E3-CDCD11FFBAB2}"
EndProject
Project("{6EC3EE1D-3C4E-46DD-8F32-0CC8E7565705}") = "Wcf", "Wcf\Wcf.fsproj", "{ECAA41D1-B99B-4305-978C-CC23DC9EE954}"
EndProject
Project("{6EC3EE1D-3C4E-46DD-8F32-0CC8E7565705}") = "WcfServiceInfo", "Samples\Wcf\WcfServiceInfo\WcfServiceInfo.fsproj", "{298595AB-EF8A-481A-95B4-A5637BBBB7A6}"
EndProject
Project("{6EC3EE1D-3C4E-46DD-8F32-0CC8E7565705}") = "WcfClient", "Samples\Wcf\WcfClient\WcfClient.fsproj", "{E627BE15-DC11-447D-A03F-9D616AAEB69F}"
EndProject
Project("{6EC3EE1D-3C4E-46DD-8F32-0CC8E7565705}") = "WcfService", "Samples\Wcf\WcfService\WcfService.fsproj", "{DDFCB7B0-1CAA-4672-AE1D-AB56BC6D4647}"
EndProject
Project("{6EC3EE1D-3C4E-46DD-8F32-0CC8E7565705}") = "NetCoreClient", "Samples\Wcf\NetCoreClient\NetCoreClient.fsproj", "{900181DF-863F-4263-B8D5-1BB9E29B0840}"
EndProject
Project("{6EC3EE1D-3C4E-46DD-8F32-0CC8E7565705}") = "NetCoreService", "Samples\Wcf\NetCoreService\NetCoreService.fsproj", "{FF4622E7-B18D-4A85-B4BD-532398DE1241}"
EndProject
Project("{6EC3EE1D-3C4E-46DD-8F32-0CC8E7565705}") = "Messaging", "Messaging\Messaging.fsproj", "{1252B389-8912-4BDB-A05A-4C85456880CD}"
EndProject
Project("{6EC3EE1D-3C4E-46DD-8F32-0CC8E7565705}") = "MessagingData", "MessagingData\MessagingData.fsproj", "{73AA0DAC-A8E1-40BD-9558-F8A2ECE013BF}"
EndProject
Project("{6EC3EE1D-3C4E-46DD-8F32-0CC8E7565705}") = "Data", "Data\Data.fsproj", "{9D99B774-1A75-4E13-B65F-C5F9CE6DD3BA}"
EndProject
Project("{6EC3EE1D-3C4E-46DD-8F32-0CC8E7565705}") = "MsgServiceInfo", "Samples\Msg\MsgServiceInfo\MsgServiceInfo.fsproj", "{DA5F569B-8CD3-49D2-BEFE-D1AC90780178}"
EndProject
Project("{6EC3EE1D-3C4E-46DD-8F32-0CC8E7565705}") = "MsgService", "Samples\Msg\MsgService\MsgService.fsproj", "{436391F3-974B-4BC1-8ECC-70FE64F60C64}"
EndProject
Project("{6EC3EE1D-3C4E-46DD-8F32-0CC8E7565705}") = "MsgClientOne", "Samples\Msg\MsgClientOne\MsgClientOne.fsproj", "{90DC5C7B-47C0-4A4C-8747-497883C353DB}"
EndProject
Project("{6EC3EE1D-3C4E-46DD-8F32-0CC8E7565705}") = "MsgClientTwo", "Samples\Msg\MsgClientTwo\MsgClientTwo.fsproj", "{B3D4389F-CF71-4703-A5F3-C0FD2C711DCB}"
EndProject
Project("{6EC3EE1D-3C4E-46DD-8F32-0CC8E7565705}") = "Platform", "Platform\Platform.fsproj", "{37E08972-D8DD-49F9-9AB5-1BA90FAA5209}"
EndProject
Project("{6EC3EE1D-3C4E-46DD-8F32-0CC8E7565705}") = "WcfWorker", "Samples\Wcf\WcfWorker\WcfWorker.fsproj", "{D425A2D7-2BBB-4331-8E4A-03D33D8C05E7}"
EndProject
Project("{FAE04EC0-301F-11D3-BF4B-00C04F79EFBC}") = "TestUpdateJson", "TestUpdateJson\TestUpdateJson.csproj", "{C7DEDC8A-786F-4D1D-8B1F-5DFA7097913D}"
EndProject
Project("{F2A71F9B-5D33-465A-A702-920D77279786}") = "TestUpdateJson2", "TestUpdateJson2\TestUpdateJson2.fsproj", "{5694EADD-C0C0-448E-9888-1D55DF3984E3}"
EndProject
Global
	GlobalSection(SolutionConfigurationPlatforms) = preSolution
		Debug|Any CPU = Debug|Any CPU
		Debug|x64 = Debug|x64
		Release|Any CPU = Release|Any CPU
		Release|x64 = Release|x64
	EndGlobalSection
	GlobalSection(ProjectConfigurationPlatforms) = postSolution
		{3D56FB4D-DD97-4542-A8E3-CDCD11FFBAB2}.Debug|Any CPU.ActiveCfg = Debug|Any CPU
		{3D56FB4D-DD97-4542-A8E3-CDCD11FFBAB2}.Debug|Any CPU.Build.0 = Debug|Any CPU
		{3D56FB4D-DD97-4542-A8E3-CDCD11FFBAB2}.Debug|x64.ActiveCfg = Debug|x64
		{3D56FB4D-DD97-4542-A8E3-CDCD11FFBAB2}.Debug|x64.Build.0 = Debug|x64
		{3D56FB4D-DD97-4542-A8E3-CDCD11FFBAB2}.Release|Any CPU.ActiveCfg = Release|Any CPU
		{3D56FB4D-DD97-4542-A8E3-CDCD11FFBAB2}.Release|Any CPU.Build.0 = Release|Any CPU
		{3D56FB4D-DD97-4542-A8E3-CDCD11FFBAB2}.Release|x64.ActiveCfg = Release|x64
		{3D56FB4D-DD97-4542-A8E3-CDCD11FFBAB2}.Release|x64.Build.0 = Release|x64
		{ECAA41D1-B99B-4305-978C-CC23DC9EE954}.Debug|Any CPU.ActiveCfg = Debug|Any CPU
		{ECAA41D1-B99B-4305-978C-CC23DC9EE954}.Debug|Any CPU.Build.0 = Debug|Any CPU
		{ECAA41D1-B99B-4305-978C-CC23DC9EE954}.Debug|x64.ActiveCfg = Debug|x64
		{ECAA41D1-B99B-4305-978C-CC23DC9EE954}.Debug|x64.Build.0 = Debug|x64
		{ECAA41D1-B99B-4305-978C-CC23DC9EE954}.Release|Any CPU.ActiveCfg = Release|Any CPU
		{ECAA41D1-B99B-4305-978C-CC23DC9EE954}.Release|Any CPU.Build.0 = Release|Any CPU
		{ECAA41D1-B99B-4305-978C-CC23DC9EE954}.Release|x64.ActiveCfg = Release|x64
		{ECAA41D1-B99B-4305-978C-CC23DC9EE954}.Release|x64.Build.0 = Release|x64
		{298595AB-EF8A-481A-95B4-A5637BBBB7A6}.Debug|Any CPU.ActiveCfg = Debug|Any CPU
		{298595AB-EF8A-481A-95B4-A5637BBBB7A6}.Debug|Any CPU.Build.0 = Debug|Any CPU
		{298595AB-EF8A-481A-95B4-A5637BBBB7A6}.Debug|x64.ActiveCfg = Debug|x64
		{298595AB-EF8A-481A-95B4-A5637BBBB7A6}.Debug|x64.Build.0 = Debug|x64
		{298595AB-EF8A-481A-95B4-A5637BBBB7A6}.Release|Any CPU.ActiveCfg = Release|Any CPU
		{298595AB-EF8A-481A-95B4-A5637BBBB7A6}.Release|Any CPU.Build.0 = Release|Any CPU
		{298595AB-EF8A-481A-95B4-A5637BBBB7A6}.Release|x64.ActiveCfg = Release|x64
		{298595AB-EF8A-481A-95B4-A5637BBBB7A6}.Release|x64.Build.0 = Release|x64
		{E627BE15-DC11-447D-A03F-9D616AAEB69F}.Debug|Any CPU.ActiveCfg = Debug|Any CPU
		{E627BE15-DC11-447D-A03F-9D616AAEB69F}.Debug|Any CPU.Build.0 = Debug|Any CPU
		{E627BE15-DC11-447D-A03F-9D616AAEB69F}.Debug|x64.ActiveCfg = Debug|x64
		{E627BE15-DC11-447D-A03F-9D616AAEB69F}.Debug|x64.Build.0 = Debug|x64
		{E627BE15-DC11-447D-A03F-9D616AAEB69F}.Release|Any CPU.ActiveCfg = Release|Any CPU
		{E627BE15-DC11-447D-A03F-9D616AAEB69F}.Release|Any CPU.Build.0 = Release|Any CPU
		{E627BE15-DC11-447D-A03F-9D616AAEB69F}.Release|x64.ActiveCfg = Release|x64
		{E627BE15-DC11-447D-A03F-9D616AAEB69F}.Release|x64.Build.0 = Release|x64
		{DDFCB7B0-1CAA-4672-AE1D-AB56BC6D4647}.Debug|Any CPU.ActiveCfg = Debug|Any CPU
		{DDFCB7B0-1CAA-4672-AE1D-AB56BC6D4647}.Debug|Any CPU.Build.0 = Debug|Any CPU
		{DDFCB7B0-1CAA-4672-AE1D-AB56BC6D4647}.Debug|x64.ActiveCfg = Debug|x64
		{DDFCB7B0-1CAA-4672-AE1D-AB56BC6D4647}.Debug|x64.Build.0 = Debug|x64
		{DDFCB7B0-1CAA-4672-AE1D-AB56BC6D4647}.Release|Any CPU.ActiveCfg = Release|Any CPU
		{DDFCB7B0-1CAA-4672-AE1D-AB56BC6D4647}.Release|Any CPU.Build.0 = Release|Any CPU
		{DDFCB7B0-1CAA-4672-AE1D-AB56BC6D4647}.Release|x64.ActiveCfg = Release|x64
		{DDFCB7B0-1CAA-4672-AE1D-AB56BC6D4647}.Release|x64.Build.0 = Release|x64
		{900181DF-863F-4263-B8D5-1BB9E29B0840}.Debug|Any CPU.ActiveCfg = Debug|Any CPU
		{900181DF-863F-4263-B8D5-1BB9E29B0840}.Debug|Any CPU.Build.0 = Debug|Any CPU
		{900181DF-863F-4263-B8D5-1BB9E29B0840}.Debug|x64.ActiveCfg = Debug|x64
		{900181DF-863F-4263-B8D5-1BB9E29B0840}.Debug|x64.Build.0 = Debug|x64
		{900181DF-863F-4263-B8D5-1BB9E29B0840}.Release|Any CPU.ActiveCfg = Release|Any CPU
		{900181DF-863F-4263-B8D5-1BB9E29B0840}.Release|Any CPU.Build.0 = Release|Any CPU
		{900181DF-863F-4263-B8D5-1BB9E29B0840}.Release|x64.ActiveCfg = Release|x64
		{900181DF-863F-4263-B8D5-1BB9E29B0840}.Release|x64.Build.0 = Release|x64
		{FF4622E7-B18D-4A85-B4BD-532398DE1241}.Debug|Any CPU.ActiveCfg = Debug|Any CPU
		{FF4622E7-B18D-4A85-B4BD-532398DE1241}.Debug|Any CPU.Build.0 = Debug|Any CPU
		{FF4622E7-B18D-4A85-B4BD-532398DE1241}.Debug|x64.ActiveCfg = Debug|x64
		{FF4622E7-B18D-4A85-B4BD-532398DE1241}.Debug|x64.Build.0 = Debug|x64
		{FF4622E7-B18D-4A85-B4BD-532398DE1241}.Release|Any CPU.ActiveCfg = Release|Any CPU
		{FF4622E7-B18D-4A85-B4BD-532398DE1241}.Release|Any CPU.Build.0 = Release|Any CPU
		{FF4622E7-B18D-4A85-B4BD-532398DE1241}.Release|x64.ActiveCfg = Release|x64
		{FF4622E7-B18D-4A85-B4BD-532398DE1241}.Release|x64.Build.0 = Release|x64
		{1252B389-8912-4BDB-A05A-4C85456880CD}.Debug|Any CPU.ActiveCfg = Debug|Any CPU
		{1252B389-8912-4BDB-A05A-4C85456880CD}.Debug|Any CPU.Build.0 = Debug|Any CPU
		{1252B389-8912-4BDB-A05A-4C85456880CD}.Debug|x64.ActiveCfg = Debug|x64
		{1252B389-8912-4BDB-A05A-4C85456880CD}.Debug|x64.Build.0 = Debug|x64
		{1252B389-8912-4BDB-A05A-4C85456880CD}.Release|Any CPU.ActiveCfg = Release|Any CPU
		{1252B389-8912-4BDB-A05A-4C85456880CD}.Release|Any CPU.Build.0 = Release|Any CPU
		{1252B389-8912-4BDB-A05A-4C85456880CD}.Release|x64.ActiveCfg = Release|x64
		{1252B389-8912-4BDB-A05A-4C85456880CD}.Release|x64.Build.0 = Release|x64
		{73AA0DAC-A8E1-40BD-9558-F8A2ECE013BF}.Debug|Any CPU.ActiveCfg = Debug|Any CPU
		{73AA0DAC-A8E1-40BD-9558-F8A2ECE013BF}.Debug|Any CPU.Build.0 = Debug|Any CPU
		{73AA0DAC-A8E1-40BD-9558-F8A2ECE013BF}.Debug|x64.ActiveCfg = Debug|x64
		{73AA0DAC-A8E1-40BD-9558-F8A2ECE013BF}.Debug|x64.Build.0 = Debug|x64
		{73AA0DAC-A8E1-40BD-9558-F8A2ECE013BF}.Release|Any CPU.ActiveCfg = Release|Any CPU
		{73AA0DAC-A8E1-40BD-9558-F8A2ECE013BF}.Release|Any CPU.Build.0 = Release|Any CPU
		{73AA0DAC-A8E1-40BD-9558-F8A2ECE013BF}.Release|x64.ActiveCfg = Release|x64
		{73AA0DAC-A8E1-40BD-9558-F8A2ECE013BF}.Release|x64.Build.0 = Release|x64
		{9D99B774-1A75-4E13-B65F-C5F9CE6DD3BA}.Debug|Any CPU.ActiveCfg = Debug|Any CPU
		{9D99B774-1A75-4E13-B65F-C5F9CE6DD3BA}.Debug|Any CPU.Build.0 = Debug|Any CPU
		{9D99B774-1A75-4E13-B65F-C5F9CE6DD3BA}.Debug|x64.ActiveCfg = Debug|x64
		{9D99B774-1A75-4E13-B65F-C5F9CE6DD3BA}.Debug|x64.Build.0 = Debug|x64
		{9D99B774-1A75-4E13-B65F-C5F9CE6DD3BA}.Release|Any CPU.ActiveCfg = Release|Any CPU
		{9D99B774-1A75-4E13-B65F-C5F9CE6DD3BA}.Release|Any CPU.Build.0 = Release|Any CPU
		{9D99B774-1A75-4E13-B65F-C5F9CE6DD3BA}.Release|x64.ActiveCfg = Release|x64
		{9D99B774-1A75-4E13-B65F-C5F9CE6DD3BA}.Release|x64.Build.0 = Release|x64
		{DA5F569B-8CD3-49D2-BEFE-D1AC90780178}.Debug|Any CPU.ActiveCfg = Debug|Any CPU
		{DA5F569B-8CD3-49D2-BEFE-D1AC90780178}.Debug|Any CPU.Build.0 = Debug|Any CPU
		{DA5F569B-8CD3-49D2-BEFE-D1AC90780178}.Debug|x64.ActiveCfg = Debug|x64
		{DA5F569B-8CD3-49D2-BEFE-D1AC90780178}.Debug|x64.Build.0 = Debug|x64
		{DA5F569B-8CD3-49D2-BEFE-D1AC90780178}.Release|Any CPU.ActiveCfg = Release|Any CPU
		{DA5F569B-8CD3-49D2-BEFE-D1AC90780178}.Release|Any CPU.Build.0 = Release|Any CPU
		{DA5F569B-8CD3-49D2-BEFE-D1AC90780178}.Release|x64.ActiveCfg = Release|x64
		{DA5F569B-8CD3-49D2-BEFE-D1AC90780178}.Release|x64.Build.0 = Release|x64
		{436391F3-974B-4BC1-8ECC-70FE64F60C64}.Debug|Any CPU.ActiveCfg = Debug|Any CPU
		{436391F3-974B-4BC1-8ECC-70FE64F60C64}.Debug|Any CPU.Build.0 = Debug|Any CPU
		{436391F3-974B-4BC1-8ECC-70FE64F60C64}.Debug|x64.ActiveCfg = Debug|x64
		{436391F3-974B-4BC1-8ECC-70FE64F60C64}.Debug|x64.Build.0 = Debug|x64
		{436391F3-974B-4BC1-8ECC-70FE64F60C64}.Release|Any CPU.ActiveCfg = Release|Any CPU
		{436391F3-974B-4BC1-8ECC-70FE64F60C64}.Release|Any CPU.Build.0 = Release|Any CPU
		{436391F3-974B-4BC1-8ECC-70FE64F60C64}.Release|x64.ActiveCfg = Release|x64
		{436391F3-974B-4BC1-8ECC-70FE64F60C64}.Release|x64.Build.0 = Release|x64
		{90DC5C7B-47C0-4A4C-8747-497883C353DB}.Debug|Any CPU.ActiveCfg = Debug|Any CPU
		{90DC5C7B-47C0-4A4C-8747-497883C353DB}.Debug|Any CPU.Build.0 = Debug|Any CPU
		{90DC5C7B-47C0-4A4C-8747-497883C353DB}.Debug|x64.ActiveCfg = Debug|x64
		{90DC5C7B-47C0-4A4C-8747-497883C353DB}.Debug|x64.Build.0 = Debug|x64
		{90DC5C7B-47C0-4A4C-8747-497883C353DB}.Release|Any CPU.ActiveCfg = Release|Any CPU
		{90DC5C7B-47C0-4A4C-8747-497883C353DB}.Release|Any CPU.Build.0 = Release|Any CPU
		{90DC5C7B-47C0-4A4C-8747-497883C353DB}.Release|x64.ActiveCfg = Release|x64
		{90DC5C7B-47C0-4A4C-8747-497883C353DB}.Release|x64.Build.0 = Release|x64
		{B3D4389F-CF71-4703-A5F3-C0FD2C711DCB}.Debug|Any CPU.ActiveCfg = Debug|Any CPU
		{B3D4389F-CF71-4703-A5F3-C0FD2C711DCB}.Debug|Any CPU.Build.0 = Debug|Any CPU
		{B3D4389F-CF71-4703-A5F3-C0FD2C711DCB}.Debug|x64.ActiveCfg = Debug|x64
		{B3D4389F-CF71-4703-A5F3-C0FD2C711DCB}.Debug|x64.Build.0 = Debug|x64
		{B3D4389F-CF71-4703-A5F3-C0FD2C711DCB}.Release|Any CPU.ActiveCfg = Release|Any CPU
		{B3D4389F-CF71-4703-A5F3-C0FD2C711DCB}.Release|Any CPU.Build.0 = Release|Any CPU
		{B3D4389F-CF71-4703-A5F3-C0FD2C711DCB}.Release|x64.ActiveCfg = Release|x64
		{B3D4389F-CF71-4703-A5F3-C0FD2C711DCB}.Release|x64.Build.0 = Release|x64
		{37E08972-D8DD-49F9-9AB5-1BA90FAA5209}.Debug|Any CPU.ActiveCfg = Debug|Any CPU
		{37E08972-D8DD-49F9-9AB5-1BA90FAA5209}.Debug|Any CPU.Build.0 = Debug|Any CPU
		{37E08972-D8DD-49F9-9AB5-1BA90FAA5209}.Debug|x64.ActiveCfg = Debug|x64
		{37E08972-D8DD-49F9-9AB5-1BA90FAA5209}.Debug|x64.Build.0 = Debug|x64
		{37E08972-D8DD-49F9-9AB5-1BA90FAA5209}.Release|Any CPU.ActiveCfg = Release|Any CPU
		{37E08972-D8DD-49F9-9AB5-1BA90FAA5209}.Release|Any CPU.Build.0 = Release|Any CPU
		{37E08972-D8DD-49F9-9AB5-1BA90FAA5209}.Release|x64.ActiveCfg = Release|x64
		{37E08972-D8DD-49F9-9AB5-1BA90FAA5209}.Release|x64.Build.0 = Release|x64
		{D425A2D7-2BBB-4331-8E4A-03D33D8C05E7}.Debug|Any CPU.ActiveCfg = Debug|Any CPU
		{D425A2D7-2BBB-4331-8E4A-03D33D8C05E7}.Debug|Any CPU.Build.0 = Debug|Any CPU
		{D425A2D7-2BBB-4331-8E4A-03D33D8C05E7}.Debug|x64.ActiveCfg = Debug|x64
		{D425A2D7-2BBB-4331-8E4A-03D33D8C05E7}.Debug|x64.Build.0 = Debug|x64
		{D425A2D7-2BBB-4331-8E4A-03D33D8C05E7}.Release|Any CPU.ActiveCfg = Release|Any CPU
		{D425A2D7-2BBB-4331-8E4A-03D33D8C05E7}.Release|Any CPU.Build.0 = Release|Any CPU
		{D425A2D7-2BBB-4331-8E4A-03D33D8C05E7}.Release|x64.ActiveCfg = Release|x64
		{D425A2D7-2BBB-4331-8E4A-03D33D8C05E7}.Release|x64.Build.0 = Release|x64
		{C7DEDC8A-786F-4D1D-8B1F-5DFA7097913D}.Debug|Any CPU.ActiveCfg = Debug|Any CPU
		{C7DEDC8A-786F-4D1D-8B1F-5DFA7097913D}.Debug|Any CPU.Build.0 = Debug|Any CPU
		{C7DEDC8A-786F-4D1D-8B1F-5DFA7097913D}.Debug|x64.ActiveCfg = Debug|Any CPU
		{C7DEDC8A-786F-4D1D-8B1F-5DFA7097913D}.Debug|x64.Build.0 = Debug|Any CPU
		{C7DEDC8A-786F-4D1D-8B1F-5DFA7097913D}.Release|Any CPU.ActiveCfg = Release|Any CPU
		{C7DEDC8A-786F-4D1D-8B1F-5DFA7097913D}.Release|Any CPU.Build.0 = Release|Any CPU
		{C7DEDC8A-786F-4D1D-8B1F-5DFA7097913D}.Release|x64.ActiveCfg = Release|Any CPU
		{C7DEDC8A-786F-4D1D-8B1F-5DFA7097913D}.Release|x64.Build.0 = Release|Any CPU
		{5694EADD-C0C0-448E-9888-1D55DF3984E3}.Debug|Any CPU.ActiveCfg = Debug|Any CPU
		{5694EADD-C0C0-448E-9888-1D55DF3984E3}.Debug|Any CPU.Build.0 = Debug|Any CPU
		{5694EADD-C0C0-448E-9888-1D55DF3984E3}.Debug|x64.ActiveCfg = Debug|Any CPU
		{5694EADD-C0C0-448E-9888-1D55DF3984E3}.Debug|x64.Build.0 = Debug|Any CPU
		{5694EADD-C0C0-448E-9888-1D55DF3984E3}.Release|Any CPU.ActiveCfg = Release|Any CPU
		{5694EADD-C0C0-448E-9888-1D55DF3984E3}.Release|Any CPU.Build.0 = Release|Any CPU
		{5694EADD-C0C0-448E-9888-1D55DF3984E3}.Release|x64.ActiveCfg = Release|Any CPU
		{5694EADD-C0C0-448E-9888-1D55DF3984E3}.Release|x64.Build.0 = Release|Any CPU
	EndGlobalSection
	GlobalSection(SolutionProperties) = preSolution
		HideSolutionNode = FALSE
	EndGlobalSection
	GlobalSection(NestedProjects) = preSolution
		{298595AB-EF8A-481A-95B4-A5637BBBB7A6} = {542467DC-07AD-4B8E-93D4-D8E674874C89}
		{E627BE15-DC11-447D-A03F-9D616AAEB69F} = {542467DC-07AD-4B8E-93D4-D8E674874C89}
		{DDFCB7B0-1CAA-4672-AE1D-AB56BC6D4647} = {542467DC-07AD-4B8E-93D4-D8E674874C89}
		{900181DF-863F-4263-B8D5-1BB9E29B0840} = {542467DC-07AD-4B8E-93D4-D8E674874C89}
		{FF4622E7-B18D-4A85-B4BD-532398DE1241} = {542467DC-07AD-4B8E-93D4-D8E674874C89}
		{DA5F569B-8CD3-49D2-BEFE-D1AC90780178} = {542467DC-07AD-4B8E-93D4-D8E674874C89}
		{436391F3-974B-4BC1-8ECC-70FE64F60C64} = {542467DC-07AD-4B8E-93D4-D8E674874C89}
		{90DC5C7B-47C0-4A4C-8747-497883C353DB} = {542467DC-07AD-4B8E-93D4-D8E674874C89}
		{B3D4389F-CF71-4703-A5F3-C0FD2C711DCB} = {542467DC-07AD-4B8E-93D4-D8E674874C89}
		{D425A2D7-2BBB-4331-8E4A-03D33D8C05E7} = {542467DC-07AD-4B8E-93D4-D8E674874C89}
	EndGlobalSection
	GlobalSection(ExtensibilityGlobals) = postSolution
		SolutionGuid = {7A2921D5-1F3D-48DF-A77D-B0C8D846BDB8}
	EndGlobalSection
EndGlobal
