
Microsoft Visual Studio Solution File, Format Version 12.00
# Visual Studio Version 17
VisualStudioVersion = 17.4.32912.340
MinimumVisualStudioVersion = 10.0.40219.1
Project("{2150E333-8FDC-42A3-9474-1A3956D46DE8}") = "Samples", "Samples", "{542467DC-07AD-4B8E-93D4-D8E674874C89}"
EndProject
Project("{6EC3EE1D-3C4E-46DD-8F32-0CC8E7565705}") = "Sys", "Sys\Sys.fsproj", "{3D56FB4D-DD97-4542-A8E3-CDCD11FFBAB2}"
EndProject
Project("{6EC3EE1D-3C4E-46DD-8F32-0CC8E7565705}") = "Wcf", "Wcf\Wcf.fsproj", "{ECAA41D1-B99B-4305-978C-CC23DC9EE954}"
EndProject
Project("{6EC3EE1D-3C4E-46DD-8F32-0CC8E7565705}") = "WcfServiceInfo", "Samples\Wcf\WcfServiceInfo\WcfServiceInfo.fsproj", "{298595AB-EF8A-481A-95B4-A5637BBBB7A6}"
EndProject
Project("{6EC3EE1D-3C4E-46DD-8F32-0CC8E7565705}") = "WcfClient", "Samples\Wcf\WcfClient\WcfClient.fsproj", "{E627BE15-DC11-447D-A03F-9D616AAEB69F}"
EndProject
Project("{6EC3EE1D-3C4E-46DD-8F32-0CC8E7565705}") = "WcfService", "Samples\Wcf\WcfService\WcfService.fsproj", "{DDFCB7B0-1CAA-4672-AE1D-AB56BC6D4647}"
EndProject
Project("{6EC3EE1D-3C4E-46DD-8F32-0CC8E7565705}") = "NetCoreClient", "Samples\Wcf\NetCoreClient\NetCoreClient.fsproj", "{900181DF-863F-4263-B8D5-1BB9E29B0840}"
EndProject
Project("{6EC3EE1D-3C4E-46DD-8F32-0CC8E7565705}") = "NetCoreService", "Samples\Wcf\NetCoreService\NetCoreService.fsproj", "{FF4622E7-B18D-4A85-B4BD-532398DE1241}"
EndProject
Project("{6EC3EE1D-3C4E-46DD-8F32-0CC8E7565705}") = "Messaging", "Messaging\Messaging.fsproj", "{1252B389-8912-4BDB-A05A-4C85456880CD}"
EndProject
Project("{6EC3EE1D-3C4E-46DD-8F32-0CC8E7565705}") = "MsgServiceInfo", "Samples\Msg\MsgServiceInfo\MsgServiceInfo.fsproj", "{DA5F569B-8CD3-49D2-BEFE-D1AC90780178}"
EndProject
Project("{6EC3EE1D-3C4E-46DD-8F32-0CC8E7565705}") = "MsgClientOne", "Samples\Msg\MsgClientOne\MsgClientOne.fsproj", "{90DC5C7B-47C0-4A4C-8747-497883C353DB}"
EndProject
Project("{6EC3EE1D-3C4E-46DD-8F32-0CC8E7565705}") = "MsgClientTwo", "Samples\Msg\MsgClientTwo\MsgClientTwo.fsproj", "{B3D4389F-CF71-4703-A5F3-C0FD2C711DCB}"
EndProject
Project("{6EC3EE1D-3C4E-46DD-8F32-0CC8E7565705}") = "WcfWorker", "Samples\Wcf\WcfWorker\WcfWorker.fsproj", "{D425A2D7-2BBB-4331-8E4A-03D33D8C05E7}"
EndProject
Project("{2150E333-8FDC-42A3-9474-1A3956D46DE8}") = "Msg", "Msg", "{0D2A8A76-D46C-45DE-9048-CFA994AF3BB6}"
EndProject
Project("{2150E333-8FDC-42A3-9474-1A3956D46DE8}") = "Wcf", "Wcf", "{F640C6DA-19DD-40DF-B401-DD3F8F39E00F}"
EndProject
Project("{6EC3EE1D-3C4E-46DD-8F32-0CC8E7565705}") = "MsgWorker", "Samples\Msg\MsgWorker\MsgWorker.fsproj", "{C3AE642E-ED3A-445E-A8AE-85B68026765F}"
EndProject
Project("{6EC3EE1D-3C4E-46DD-8F32-0CC8E7565705}") = "MessagingService", "MessagingService\MessagingService.fsproj", "{FCFCE999-2363-45B2-87F7-58E05E23E412}"
EndProject
Project("{2150E333-8FDC-42A3-9474-1A3956D46DE8}") = "DistrProc", "DistrProc", "{B058BD13-C2C0-451A-83F2-50D993285078}"
EndProject
Project("{2150E333-8FDC-42A3-9474-1A3956D46DE8}") = "DistributedProcessing", "DistributedProcessing", "{F9C514B7-8DB8-4204-AA4C-DDF5F257BDFA}"
EndProject
Project("{6EC3EE1D-3C4E-46DD-8F32-0CC8E7565705}") = "Core", "DistributedProcessing\Core\Core.fsproj", "{A717AEAB-E2DC-4C29-AE27-617B3B3A1AEC}"
EndProject
Project("{2150E333-8FDC-42A3-9474-1A3956D46DE8}") = "Messaging", "Messaging", "{32DD46BE-605D-4C6C-8CD1-8AD54E736C91}"
EndProject
Project("{6EC3EE1D-3C4E-46DD-8F32-0CC8E7565705}") = "WorkerNodeService", "DistributedProcessing\WorkerNodeService\WorkerNodeService.fsproj", "{A5EA8E2B-5A7F-4D77-8A6A-4C3314525A5C}"
EndProject
Project("{6EC3EE1D-3C4E-46DD-8F32-0CC8E7565705}") = "PartitionerService", "DistributedProcessing\PartitionerService\PartitionerService.fsproj", "{1B28C797-71C0-4AFD-B1C6-C640BF527B31}"
EndProject
Project("{6EC3EE1D-3C4E-46DD-8F32-0CC8E7565705}") = "SolverRunner", "DistributedProcessing\SolverRunner\SolverRunner.fsproj", "{4BC9F40B-7B19-4C27-97A0-8E6740FB3AFB}"
EndProject
Project("{6EC3EE1D-3C4E-46DD-8F32-0CC8E7565705}") = "SolverRunner", "Samples\DistrProc\SolverRunner\SolverRunner.fsproj", "{35129EDB-8546-4BC8-A3D8-76292F70FB23}"
EndProject
Project("{6EC3EE1D-3C4E-46DD-8F32-0CC8E7565705}") = "MessagingService", "DistributedProcessing\MessagingService\MessagingService.fsproj", "{E8F999A7-F20E-45B4-A8D3-AC63D59AE182}"
EndProject
Project("{6EC3EE1D-3C4E-46DD-8F32-0CC8E7565705}") = "ModelGenerator", "DistributedProcessing\ModelGenerator\ModelGenerator.fsproj", "{6884E265-48D8-4C13-BE7D-8CF6FCECB5C0}"
EndProject
Project("{6EC3EE1D-3C4E-46DD-8F32-0CC8E7565705}") = "PartitionerAdm", "DistributedProcessing\PartitionerAdm\PartitionerAdm.fsproj", "{2FF8AD15-04C8-41F1-AF5A-23CA276FD7E8}"
EndProject
Project("{6EC3EE1D-3C4E-46DD-8F32-0CC8E7565705}") = "ModelGenerator", "Samples\DistrProc\ModelGenerator\ModelGenerator.fsproj", "{24269341-FD62-4433-B5BF-EC6482F20E60}"
EndProject
Project("{2150E333-8FDC-42A3-9474-1A3956D46DE8}") = "Tests", "Tests", "{A8E2B6A4-8403-41E4-9C0E-96274965C55C}"
EndProject
Project("{6EC3EE1D-3C4E-46DD-8F32-0CC8E7565705}") = "SysTests", "SysTests\SysTests.fsproj", "{72A202C3-466B-4A74-9B8D-EABCC317E6DD}"
EndProject
Project("{6EC3EE1D-3C4E-46DD-8F32-0CC8E7565705}") = "Core", "Samples\DistrProc\Core\Core.fsproj", "{33B4B160-0E4B-46F7-B601-96544AC24B62}"
EndProject
Project("{6EC3EE1D-3C4E-46DD-8F32-0CC8E7565705}") = "Analytics", "Analytics\Analytics.fsproj", "{DFF30184-1369-486E-BBCC-B168BC176277}"
EndProject
Project("{F2A71F9B-5D33-465A-A702-920D77279786}") = "WorkerNodeAdm", "DistributedProcessing\WorkerNodeAdm\WorkerNodeAdm.fsproj", "{F0B44C54-9A64-465E-B110-9E379FF878C7}"
EndProject
Project("{2150E333-8FDC-42A3-9474-1A3956D46DE8}") = "Apps", "Apps", "{529AC2BD-A3F3-4AC3-8F82-077A18364BE3}"
EndProject
Project("{2150E333-8FDC-42A3-9474-1A3956D46DE8}") = "DistrProc", "DistrProc", "{FBA86385-084E-4804-89E1-EDB942A6377D}"
EndProject
Project("{F2A71F9B-5D33-465A-A702-920D77279786}") = "MessagingService", "Apps\DistrProc\MessagingService\MessagingService.fsproj", "{D903B4D9-C7BB-46A0-B0F3-243514643DF7}"
EndProject
Project("{F2A71F9B-5D33-465A-A702-920D77279786}") = "PartitionerAdm", "Apps\DistrProc\PartitionerAdm\PartitionerAdm.fsproj", "{1446C3E7-72DB-46BE-8468-FC302F3B75F1}"
EndProject
Project("{F2A71F9B-5D33-465A-A702-920D77279786}") = "PartitionerService", "Apps\DistrProc\PartitionerService\PartitionerService.fsproj", "{330546CD-EF7C-47F8-A1FE-B09AD01544E0}"
EndProject
Project("{F2A71F9B-5D33-465A-A702-920D77279786}") = "WorkerNodeAdm", "Apps\DistrProc\WorkerNodeAdm\WorkerNodeAdm.fsproj", "{3C6F44B6-B821-4FE2-B58D-DCDD405AF46C}"
EndProject
Project("{F2A71F9B-5D33-465A-A702-920D77279786}") = "WorkerNodeService", "Apps\DistrProc\WorkerNodeService\WorkerNodeService.fsproj", "{2515893C-D09D-432A-ADA8-B341558D1258}"
EndProject
Global
	GlobalSection(SolutionConfigurationPlatforms) = preSolution
		Debug|x64 = Debug|x64
		Release|x64 = Release|x64
	EndGlobalSection
	GlobalSection(ProjectConfigurationPlatforms) = postSolution
		{3D56FB4D-DD97-4542-A8E3-CDCD11FFBAB2}.Debug|x64.ActiveCfg = Debug|x64
		{3D56FB4D-DD97-4542-A8E3-CDCD11FFBAB2}.Debug|x64.Build.0 = Debug|x64
		{3D56FB4D-DD97-4542-A8E3-CDCD11FFBAB2}.Release|x64.ActiveCfg = Release|x64
		{3D56FB4D-DD97-4542-A8E3-CDCD11FFBAB2}.Release|x64.Build.0 = Release|x64
		{ECAA41D1-B99B-4305-978C-CC23DC9EE954}.Debug|x64.ActiveCfg = Debug|x64
		{ECAA41D1-B99B-4305-978C-CC23DC9EE954}.Debug|x64.Build.0 = Debug|x64
		{ECAA41D1-B99B-4305-978C-CC23DC9EE954}.Release|x64.ActiveCfg = Release|x64
		{ECAA41D1-B99B-4305-978C-CC23DC9EE954}.Release|x64.Build.0 = Release|x64
		{298595AB-EF8A-481A-95B4-A5637BBBB7A6}.Debug|x64.ActiveCfg = Debug|x64
		{298595AB-EF8A-481A-95B4-A5637BBBB7A6}.Debug|x64.Build.0 = Debug|x64
		{298595AB-EF8A-481A-95B4-A5637BBBB7A6}.Release|x64.ActiveCfg = Release|x64
		{298595AB-EF8A-481A-95B4-A5637BBBB7A6}.Release|x64.Build.0 = Release|x64
		{E627BE15-DC11-447D-A03F-9D616AAEB69F}.Debug|x64.ActiveCfg = Debug|x64
		{E627BE15-DC11-447D-A03F-9D616AAEB69F}.Debug|x64.Build.0 = Debug|x64
		{E627BE15-DC11-447D-A03F-9D616AAEB69F}.Release|x64.ActiveCfg = Release|x64
		{E627BE15-DC11-447D-A03F-9D616AAEB69F}.Release|x64.Build.0 = Release|x64
		{DDFCB7B0-1CAA-4672-AE1D-AB56BC6D4647}.Debug|x64.ActiveCfg = Debug|x64
		{DDFCB7B0-1CAA-4672-AE1D-AB56BC6D4647}.Debug|x64.Build.0 = Debug|x64
		{DDFCB7B0-1CAA-4672-AE1D-AB56BC6D4647}.Release|x64.ActiveCfg = Release|x64
		{DDFCB7B0-1CAA-4672-AE1D-AB56BC6D4647}.Release|x64.Build.0 = Release|x64
		{900181DF-863F-4263-B8D5-1BB9E29B0840}.Debug|x64.ActiveCfg = Debug|x64
		{900181DF-863F-4263-B8D5-1BB9E29B0840}.Debug|x64.Build.0 = Debug|x64
		{900181DF-863F-4263-B8D5-1BB9E29B0840}.Release|x64.ActiveCfg = Release|x64
		{900181DF-863F-4263-B8D5-1BB9E29B0840}.Release|x64.Build.0 = Release|x64
		{FF4622E7-B18D-4A85-B4BD-532398DE1241}.Debug|x64.ActiveCfg = Debug|x64
		{FF4622E7-B18D-4A85-B4BD-532398DE1241}.Debug|x64.Build.0 = Debug|x64
		{FF4622E7-B18D-4A85-B4BD-532398DE1241}.Release|x64.ActiveCfg = Release|x64
		{FF4622E7-B18D-4A85-B4BD-532398DE1241}.Release|x64.Build.0 = Release|x64
		{1252B389-8912-4BDB-A05A-4C85456880CD}.Debug|x64.ActiveCfg = Debug|x64
		{1252B389-8912-4BDB-A05A-4C85456880CD}.Debug|x64.Build.0 = Debug|x64
		{1252B389-8912-4BDB-A05A-4C85456880CD}.Release|x64.ActiveCfg = Release|x64
		{1252B389-8912-4BDB-A05A-4C85456880CD}.Release|x64.Build.0 = Release|x64
		{DA5F569B-8CD3-49D2-BEFE-D1AC90780178}.Debug|x64.ActiveCfg = Debug|x64
		{DA5F569B-8CD3-49D2-BEFE-D1AC90780178}.Debug|x64.Build.0 = Debug|x64
		{DA5F569B-8CD3-49D2-BEFE-D1AC90780178}.Release|x64.ActiveCfg = Release|x64
		{DA5F569B-8CD3-49D2-BEFE-D1AC90780178}.Release|x64.Build.0 = Release|x64
		{90DC5C7B-47C0-4A4C-8747-497883C353DB}.Debug|x64.ActiveCfg = Debug|x64
		{90DC5C7B-47C0-4A4C-8747-497883C353DB}.Debug|x64.Build.0 = Debug|x64
		{90DC5C7B-47C0-4A4C-8747-497883C353DB}.Release|x64.ActiveCfg = Release|x64
		{90DC5C7B-47C0-4A4C-8747-497883C353DB}.Release|x64.Build.0 = Release|x64
		{B3D4389F-CF71-4703-A5F3-C0FD2C711DCB}.Debug|x64.ActiveCfg = Debug|x64
		{B3D4389F-CF71-4703-A5F3-C0FD2C711DCB}.Debug|x64.Build.0 = Debug|x64
		{B3D4389F-CF71-4703-A5F3-C0FD2C711DCB}.Release|x64.ActiveCfg = Release|x64
		{B3D4389F-CF71-4703-A5F3-C0FD2C711DCB}.Release|x64.Build.0 = Release|x64
		{D425A2D7-2BBB-4331-8E4A-03D33D8C05E7}.Debug|x64.ActiveCfg = Debug|x64
		{D425A2D7-2BBB-4331-8E4A-03D33D8C05E7}.Debug|x64.Build.0 = Debug|x64
		{D425A2D7-2BBB-4331-8E4A-03D33D8C05E7}.Release|x64.ActiveCfg = Release|x64
		{D425A2D7-2BBB-4331-8E4A-03D33D8C05E7}.Release|x64.Build.0 = Release|x64
		{C3AE642E-ED3A-445E-A8AE-85B68026765F}.Debug|x64.ActiveCfg = Debug|x64
		{C3AE642E-ED3A-445E-A8AE-85B68026765F}.Debug|x64.Build.0 = Debug|x64
		{C3AE642E-ED3A-445E-A8AE-85B68026765F}.Release|x64.ActiveCfg = Release|x64
		{C3AE642E-ED3A-445E-A8AE-85B68026765F}.Release|x64.Build.0 = Release|x64
		{FCFCE999-2363-45B2-87F7-58E05E23E412}.Debug|x64.ActiveCfg = Debug|x64
		{FCFCE999-2363-45B2-87F7-58E05E23E412}.Debug|x64.Build.0 = Debug|x64
		{FCFCE999-2363-45B2-87F7-58E05E23E412}.Release|x64.ActiveCfg = Release|x64
		{FCFCE999-2363-45B2-87F7-58E05E23E412}.Release|x64.Build.0 = Release|x64
		{A717AEAB-E2DC-4C29-AE27-617B3B3A1AEC}.Debug|x64.ActiveCfg = Debug|x64
		{A717AEAB-E2DC-4C29-AE27-617B3B3A1AEC}.Debug|x64.Build.0 = Debug|x64
		{A717AEAB-E2DC-4C29-AE27-617B3B3A1AEC}.Release|x64.ActiveCfg = Release|x64
		{A717AEAB-E2DC-4C29-AE27-617B3B3A1AEC}.Release|x64.Build.0 = Release|x64
		{A5EA8E2B-5A7F-4D77-8A6A-4C3314525A5C}.Debug|x64.ActiveCfg = Debug|x64
		{A5EA8E2B-5A7F-4D77-8A6A-4C3314525A5C}.Debug|x64.Build.0 = Debug|x64
		{A5EA8E2B-5A7F-4D77-8A6A-4C3314525A5C}.Release|x64.ActiveCfg = Release|x64
		{A5EA8E2B-5A7F-4D77-8A6A-4C3314525A5C}.Release|x64.Build.0 = Release|x64
		{1B28C797-71C0-4AFD-B1C6-C640BF527B31}.Debug|x64.ActiveCfg = Debug|x64
		{1B28C797-71C0-4AFD-B1C6-C640BF527B31}.Debug|x64.Build.0 = Debug|x64
		{1B28C797-71C0-4AFD-B1C6-C640BF527B31}.Release|x64.ActiveCfg = Release|x64
		{1B28C797-71C0-4AFD-B1C6-C640BF527B31}.Release|x64.Build.0 = Release|x64
		{4BC9F40B-7B19-4C27-97A0-8E6740FB3AFB}.Debug|x64.ActiveCfg = Debug|x64
		{4BC9F40B-7B19-4C27-97A0-8E6740FB3AFB}.Debug|x64.Build.0 = Debug|x64
		{4BC9F40B-7B19-4C27-97A0-8E6740FB3AFB}.Release|x64.ActiveCfg = Release|x64
		{4BC9F40B-7B19-4C27-97A0-8E6740FB3AFB}.Release|x64.Build.0 = Release|x64
		{35129EDB-8546-4BC8-A3D8-76292F70FB23}.Debug|x64.ActiveCfg = Debug|x64
		{35129EDB-8546-4BC8-A3D8-76292F70FB23}.Debug|x64.Build.0 = Debug|x64
		{35129EDB-8546-4BC8-A3D8-76292F70FB23}.Release|x64.ActiveCfg = Release|x64
		{35129EDB-8546-4BC8-A3D8-76292F70FB23}.Release|x64.Build.0 = Release|x64
		{E8F999A7-F20E-45B4-A8D3-AC63D59AE182}.Debug|x64.ActiveCfg = Debug|x64
		{E8F999A7-F20E-45B4-A8D3-AC63D59AE182}.Debug|x64.Build.0 = Debug|x64
		{E8F999A7-F20E-45B4-A8D3-AC63D59AE182}.Release|x64.ActiveCfg = Release|x64
		{E8F999A7-F20E-45B4-A8D3-AC63D59AE182}.Release|x64.Build.0 = Release|x64
		{6884E265-48D8-4C13-BE7D-8CF6FCECB5C0}.Debug|x64.ActiveCfg = Debug|x64
		{6884E265-48D8-4C13-BE7D-8CF6FCECB5C0}.Debug|x64.Build.0 = Debug|x64
		{6884E265-48D8-4C13-BE7D-8CF6FCECB5C0}.Release|x64.ActiveCfg = Release|x64
		{6884E265-48D8-4C13-BE7D-8CF6FCECB5C0}.Release|x64.Build.0 = Release|x64
		{2FF8AD15-04C8-41F1-AF5A-23CA276FD7E8}.Debug|x64.ActiveCfg = Debug|x64
		{2FF8AD15-04C8-41F1-AF5A-23CA276FD7E8}.Debug|x64.Build.0 = Debug|x64
		{2FF8AD15-04C8-41F1-AF5A-23CA276FD7E8}.Release|x64.ActiveCfg = Release|x64
		{2FF8AD15-04C8-41F1-AF5A-23CA276FD7E8}.Release|x64.Build.0 = Release|x64
		{24269341-FD62-4433-B5BF-EC6482F20E60}.Debug|x64.ActiveCfg = Debug|x64
		{24269341-FD62-4433-B5BF-EC6482F20E60}.Debug|x64.Build.0 = Debug|x64
		{24269341-FD62-4433-B5BF-EC6482F20E60}.Release|x64.ActiveCfg = Release|x64
		{24269341-FD62-4433-B5BF-EC6482F20E60}.Release|x64.Build.0 = Release|x64
		{72A202C3-466B-4A74-9B8D-EABCC317E6DD}.Debug|x64.ActiveCfg = Debug|x64
		{72A202C3-466B-4A74-9B8D-EABCC317E6DD}.Debug|x64.Build.0 = Debug|x64
		{72A202C3-466B-4A74-9B8D-EABCC317E6DD}.Release|x64.ActiveCfg = Release|x64
		{72A202C3-466B-4A74-9B8D-EABCC317E6DD}.Release|x64.Build.0 = Release|x64
		{33B4B160-0E4B-46F7-B601-96544AC24B62}.Debug|x64.ActiveCfg = Debug|x64
		{33B4B160-0E4B-46F7-B601-96544AC24B62}.Debug|x64.Build.0 = Debug|x64
		{33B4B160-0E4B-46F7-B601-96544AC24B62}.Release|x64.ActiveCfg = Release|x64
		{33B4B160-0E4B-46F7-B601-96544AC24B62}.Release|x64.Build.0 = Release|x64
		{DFF30184-1369-486E-BBCC-B168BC176277}.Debug|x64.ActiveCfg = Debug|x64
		{DFF30184-1369-486E-BBCC-B168BC176277}.Debug|x64.Build.0 = Debug|x64
		{DFF30184-1369-486E-BBCC-B168BC176277}.Release|x64.ActiveCfg = Release|x64
		{DFF30184-1369-486E-BBCC-B168BC176277}.Release|x64.Build.0 = Release|x64
		{F0B44C54-9A64-465E-B110-9E379FF878C7}.Debug|x64.ActiveCfg = Debug|x64
		{F0B44C54-9A64-465E-B110-9E379FF878C7}.Debug|x64.Build.0 = Debug|x64
		{F0B44C54-9A64-465E-B110-9E379FF878C7}.Release|x64.ActiveCfg = Release|x64
		{F0B44C54-9A64-465E-B110-9E379FF878C7}.Release|x64.Build.0 = Release|x64
		{D903B4D9-C7BB-46A0-B0F3-243514643DF7}.Debug|x64.ActiveCfg = Debug|x64
		{D903B4D9-C7BB-46A0-B0F3-243514643DF7}.Debug|x64.Build.0 = Debug|x64
		{D903B4D9-C7BB-46A0-B0F3-243514643DF7}.Release|x64.ActiveCfg = Release|x64
		{D903B4D9-C7BB-46A0-B0F3-243514643DF7}.Release|x64.Build.0 = Release|x64
		{1446C3E7-72DB-46BE-8468-FC302F3B75F1}.Debug|x64.ActiveCfg = Debug|x64
		{1446C3E7-72DB-46BE-8468-FC302F3B75F1}.Debug|x64.Build.0 = Debug|x64
		{1446C3E7-72DB-46BE-8468-FC302F3B75F1}.Release|x64.ActiveCfg = Release|x64
		{1446C3E7-72DB-46BE-8468-FC302F3B75F1}.Release|x64.Build.0 = Release|x64
		{330546CD-EF7C-47F8-A1FE-B09AD01544E0}.Debug|x64.ActiveCfg = Debug|x64
		{330546CD-EF7C-47F8-A1FE-B09AD01544E0}.Debug|x64.Build.0 = Debug|x64
		{330546CD-EF7C-47F8-A1FE-B09AD01544E0}.Release|x64.ActiveCfg = Release|x64
		{330546CD-EF7C-47F8-A1FE-B09AD01544E0}.Release|x64.Build.0 = Release|x64
		{3C6F44B6-B821-4FE2-B58D-DCDD405AF46C}.Debug|x64.ActiveCfg = Debug|x64
		{3C6F44B6-B821-4FE2-B58D-DCDD405AF46C}.Debug|x64.Build.0 = Debug|x64
		{3C6F44B6-B821-4FE2-B58D-DCDD405AF46C}.Release|x64.ActiveCfg = Release|x64
		{3C6F44B6-B821-4FE2-B58D-DCDD405AF46C}.Release|x64.Build.0 = Release|x64
		{2515893C-D09D-432A-ADA8-B341558D1258}.Debug|x64.ActiveCfg = Debug|x64
		{2515893C-D09D-432A-ADA8-B341558D1258}.Debug|x64.Build.0 = Debug|x64
		{2515893C-D09D-432A-ADA8-B341558D1258}.Release|x64.ActiveCfg = Release|x64
		{2515893C-D09D-432A-ADA8-B341558D1258}.Release|x64.Build.0 = Release|x64
	EndGlobalSection
	GlobalSection(SolutionProperties) = preSolution
		HideSolutionNode = FALSE
	EndGlobalSection
	GlobalSection(NestedProjects) = preSolution
		{298595AB-EF8A-481A-95B4-A5637BBBB7A6} = {F640C6DA-19DD-40DF-B401-DD3F8F39E00F}
		{E627BE15-DC11-447D-A03F-9D616AAEB69F} = {F640C6DA-19DD-40DF-B401-DD3F8F39E00F}
		{DDFCB7B0-1CAA-4672-AE1D-AB56BC6D4647} = {F640C6DA-19DD-40DF-B401-DD3F8F39E00F}
		{900181DF-863F-4263-B8D5-1BB9E29B0840} = {F640C6DA-19DD-40DF-B401-DD3F8F39E00F}
		{FF4622E7-B18D-4A85-B4BD-532398DE1241} = {F640C6DA-19DD-40DF-B401-DD3F8F39E00F}
		{1252B389-8912-4BDB-A05A-4C85456880CD} = {32DD46BE-605D-4C6C-8CD1-8AD54E736C91}
		{DA5F569B-8CD3-49D2-BEFE-D1AC90780178} = {0D2A8A76-D46C-45DE-9048-CFA994AF3BB6}
		{90DC5C7B-47C0-4A4C-8747-497883C353DB} = {0D2A8A76-D46C-45DE-9048-CFA994AF3BB6}
		{B3D4389F-CF71-4703-A5F3-C0FD2C711DCB} = {0D2A8A76-D46C-45DE-9048-CFA994AF3BB6}
		{D425A2D7-2BBB-4331-8E4A-03D33D8C05E7} = {F640C6DA-19DD-40DF-B401-DD3F8F39E00F}
		{0D2A8A76-D46C-45DE-9048-CFA994AF3BB6} = {542467DC-07AD-4B8E-93D4-D8E674874C89}
		{F640C6DA-19DD-40DF-B401-DD3F8F39E00F} = {542467DC-07AD-4B8E-93D4-D8E674874C89}
		{C3AE642E-ED3A-445E-A8AE-85B68026765F} = {0D2A8A76-D46C-45DE-9048-CFA994AF3BB6}
		{FCFCE999-2363-45B2-87F7-58E05E23E412} = {32DD46BE-605D-4C6C-8CD1-8AD54E736C91}
		{B058BD13-C2C0-451A-83F2-50D993285078} = {542467DC-07AD-4B8E-93D4-D8E674874C89}
		{A717AEAB-E2DC-4C29-AE27-617B3B3A1AEC} = {F9C514B7-8DB8-4204-AA4C-DDF5F257BDFA}
		{A5EA8E2B-5A7F-4D77-8A6A-4C3314525A5C} = {F9C514B7-8DB8-4204-AA4C-DDF5F257BDFA}
		{1B28C797-71C0-4AFD-B1C6-C640BF527B31} = {F9C514B7-8DB8-4204-AA4C-DDF5F257BDFA}
		{4BC9F40B-7B19-4C27-97A0-8E6740FB3AFB} = {F9C514B7-8DB8-4204-AA4C-DDF5F257BDFA}
		{35129EDB-8546-4BC8-A3D8-76292F70FB23} = {B058BD13-C2C0-451A-83F2-50D993285078}
		{E8F999A7-F20E-45B4-A8D3-AC63D59AE182} = {F9C514B7-8DB8-4204-AA4C-DDF5F257BDFA}
		{6884E265-48D8-4C13-BE7D-8CF6FCECB5C0} = {F9C514B7-8DB8-4204-AA4C-DDF5F257BDFA}
		{2FF8AD15-04C8-41F1-AF5A-23CA276FD7E8} = {F9C514B7-8DB8-4204-AA4C-DDF5F257BDFA}
		{24269341-FD62-4433-B5BF-EC6482F20E60} = {B058BD13-C2C0-451A-83F2-50D993285078}
		{72A202C3-466B-4A74-9B8D-EABCC317E6DD} = {A8E2B6A4-8403-41E4-9C0E-96274965C55C}
		{33B4B160-0E4B-46F7-B601-96544AC24B62} = {B058BD13-C2C0-451A-83F2-50D993285078}
		{F0B44C54-9A64-465E-B110-9E379FF878C7} = {F9C514B7-8DB8-4204-AA4C-DDF5F257BDFA}
		{FBA86385-084E-4804-89E1-EDB942A6377D} = {529AC2BD-A3F3-4AC3-8F82-077A18364BE3}
		{D903B4D9-C7BB-46A0-B0F3-243514643DF7} = {FBA86385-084E-4804-89E1-EDB942A6377D}
		{1446C3E7-72DB-46BE-8468-FC302F3B75F1} = {FBA86385-084E-4804-89E1-EDB942A6377D}
		{330546CD-EF7C-47F8-A1FE-B09AD01544E0} = {FBA86385-084E-4804-89E1-EDB942A6377D}
		{3C6F44B6-B821-4FE2-B58D-DCDD405AF46C} = {FBA86385-084E-4804-89E1-EDB942A6377D}
		{2515893C-D09D-432A-ADA8-B341558D1258} = {FBA86385-084E-4804-89E1-EDB942A6377D}
	EndGlobalSection
	GlobalSection(ExtensibilityGlobals) = postSolution
		SolutionGuid = {7A2921D5-1F3D-48DF-A77D-B0C8D846BDB8}
	EndGlobalSection
EndGlobal
