
Microsoft Visual Studio Solution File, Format Version 12.00
# Visual Studio Version 16
VisualStudioVersion = 16.0.30509.190
MinimumVisualStudioVersion = 10.0.40219.1
Project("{6EC3EE1D-3C4E-46DD-8F32-0CC8E7565705}") = "Communication", "Communication\Communication.fsproj", "{AB8FB222-40B0-472F-BB68-589EF17D6D0B}"
EndProject
Project("{F2A71F9B-5D33-465A-A702-920D77279786}") = "Core", "Core\Core.fsproj", "{3613C77F-C31C-4D51-B7F8-9B5EACE57DC8}"
EndProject
Project("{F2A71F9B-5D33-465A-A702-920D77279786}") = "Server", "Samples\Server\Server.fsproj", "{5778F7E3-91C2-4FEC-8266-C0F13128C231}"
EndProject
Project("{2150E333-8FDC-42A3-9474-1A3956D46DE8}") = "Samples", "Samples", "{542467DC-07AD-4B8E-93D4-D8E674874C89}"
EndProject
Project("{F2A71F9B-5D33-465A-A702-920D77279786}") = "Client", "Client\Client.fsproj", "{6939099E-29DA-4079-86AB-481EB7B6E275}"
EndProject
Global
	GlobalSection(SolutionConfigurationPlatforms) = preSolution
		Debug|Any CPU = Debug|Any CPU
		Debug|x64 = Debug|x64
		Release|Any CPU = Release|Any CPU
		Release|x64 = Release|x64
	EndGlobalSection
	GlobalSection(ProjectConfigurationPlatforms) = postSolution
		{AB8FB222-40B0-472F-BB68-589EF17D6D0B}.Debug|Any CPU.ActiveCfg = Debug|Any CPU
		{AB8FB222-40B0-472F-BB68-589EF17D6D0B}.Debug|Any CPU.Build.0 = Debug|Any CPU
		{AB8FB222-40B0-472F-BB68-589EF17D6D0B}.Debug|x64.ActiveCfg = Debug|x64
		{AB8FB222-40B0-472F-BB68-589EF17D6D0B}.Debug|x64.Build.0 = Debug|x64
		{AB8FB222-40B0-472F-BB68-589EF17D6D0B}.Release|Any CPU.ActiveCfg = Release|Any CPU
		{AB8FB222-40B0-472F-BB68-589EF17D6D0B}.Release|Any CPU.Build.0 = Release|Any CPU
		{AB8FB222-40B0-472F-BB68-589EF17D6D0B}.Release|x64.ActiveCfg = Release|x64
		{AB8FB222-40B0-472F-BB68-589EF17D6D0B}.Release|x64.Build.0 = Release|x64
		{3613C77F-C31C-4D51-B7F8-9B5EACE57DC8}.Debug|Any CPU.ActiveCfg = Debug|Any CPU
		{3613C77F-C31C-4D51-B7F8-9B5EACE57DC8}.Debug|Any CPU.Build.0 = Debug|Any CPU
		{3613C77F-C31C-4D51-B7F8-9B5EACE57DC8}.Debug|x64.ActiveCfg = Debug|x64
		{3613C77F-C31C-4D51-B7F8-9B5EACE57DC8}.Debug|x64.Build.0 = Debug|x64
		{3613C77F-C31C-4D51-B7F8-9B5EACE57DC8}.Release|Any CPU.ActiveCfg = Release|Any CPU
		{3613C77F-C31C-4D51-B7F8-9B5EACE57DC8}.Release|Any CPU.Build.0 = Release|Any CPU
		{3613C77F-C31C-4D51-B7F8-9B5EACE57DC8}.Release|x64.ActiveCfg = Release|x64
		{3613C77F-C31C-4D51-B7F8-9B5EACE57DC8}.Release|x64.Build.0 = Release|x64
		{5778F7E3-91C2-4FEC-8266-C0F13128C231}.Debug|Any CPU.ActiveCfg = Debug|Any CPU
		{5778F7E3-91C2-4FEC-8266-C0F13128C231}.Debug|Any CPU.Build.0 = Debug|Any CPU
		{5778F7E3-91C2-4FEC-8266-C0F13128C231}.Debug|x64.ActiveCfg = Debug|x64
		{5778F7E3-91C2-4FEC-8266-C0F13128C231}.Debug|x64.Build.0 = Debug|x64
		{5778F7E3-91C2-4FEC-8266-C0F13128C231}.Release|Any CPU.ActiveCfg = Release|Any CPU
		{5778F7E3-91C2-4FEC-8266-C0F13128C231}.Release|Any CPU.Build.0 = Release|Any CPU
		{5778F7E3-91C2-4FEC-8266-C0F13128C231}.Release|x64.ActiveCfg = Release|x64
		{5778F7E3-91C2-4FEC-8266-C0F13128C231}.Release|x64.Build.0 = Release|x64
		{6939099E-29DA-4079-86AB-481EB7B6E275}.Debug|Any CPU.ActiveCfg = Debug|Any CPU
		{6939099E-29DA-4079-86AB-481EB7B6E275}.Debug|Any CPU.Build.0 = Debug|Any CPU
		{6939099E-29DA-4079-86AB-481EB7B6E275}.Debug|x64.ActiveCfg = Debug|x64
		{6939099E-29DA-4079-86AB-481EB7B6E275}.Debug|x64.Build.0 = Debug|x64
		{6939099E-29DA-4079-86AB-481EB7B6E275}.Release|Any CPU.ActiveCfg = Release|Any CPU
		{6939099E-29DA-4079-86AB-481EB7B6E275}.Release|Any CPU.Build.0 = Release|Any CPU
		{6939099E-29DA-4079-86AB-481EB7B6E275}.Release|x64.ActiveCfg = Release|x64
		{6939099E-29DA-4079-86AB-481EB7B6E275}.Release|x64.Build.0 = Release|x64
	EndGlobalSection
	GlobalSection(SolutionProperties) = preSolution
		HideSolutionNode = FALSE
	EndGlobalSection
	GlobalSection(NestedProjects) = preSolution
		{5778F7E3-91C2-4FEC-8266-C0F13128C231} = {542467DC-07AD-4B8E-93D4-D8E674874C89}
		{6939099E-29DA-4079-86AB-481EB7B6E275} = {542467DC-07AD-4B8E-93D4-D8E674874C89}
	EndGlobalSection
	GlobalSection(ExtensibilityGlobals) = postSolution
		SolutionGuid = {7A2921D5-1F3D-48DF-A77D-B0C8D846BDB8}
	EndGlobalSection
EndGlobal
